
Microsoft Visual Studio Solution File, Format Version 12.00
# Visual Studio Version 16
VisualStudioVersion = 16.0.30104.148
MinimumVisualStudioVersion = 10.0.40219.1
Project("{FAE04EC0-301F-11D3-BF4B-00C04F79EFBC}") = "Parcial2", "Parcial2\Parcial2.csproj", "{E13EED3C-31A6-49E0-9310-1A742A22C4B9}"
EndProject
Project("{FAE04EC0-301F-11D3-BF4B-00C04F79EFBC}") = "Parcial2Data", "Parcial2Data\Parcial2Data.csproj", "{73061ABE-B96C-40AE-B668-7834B9F0FD63}"
EndProject
Global
	GlobalSection(SolutionConfigurationPlatforms) = preSolution
		Debug|Any CPU = Debug|Any CPU
		Release|Any CPU = Release|Any CPU
	EndGlobalSection
	GlobalSection(ProjectConfigurationPlatforms) = postSolution
		{E13EED3C-31A6-49E0-9310-1A742A22C4B9}.Debug|Any CPU.ActiveCfg = Debug|Any CPU
		{E13EED3C-31A6-49E0-9310-1A742A22C4B9}.Debug|Any CPU.Build.0 = Debug|Any CPU
		{E13EED3C-31A6-49E0-9310-1A742A22C4B9}.Release|Any CPU.ActiveCfg = Release|Any CPU
		{E13EED3C-31A6-49E0-9310-1A742A22C4B9}.Release|Any CPU.Build.0 = Release|Any CPU
		{73061ABE-B96C-40AE-B668-7834B9F0FD63}.Debug|Any CPU.ActiveCfg = Debug|Any CPU
		{73061ABE-B96C-40AE-B668-7834B9F0FD63}.Debug|Any CPU.Build.0 = Debug|Any CPU
		{73061ABE-B96C-40AE-B668-7834B9F0FD63}.Release|Any CPU.ActiveCfg = Release|Any CPU
		{73061ABE-B96C-40AE-B668-7834B9F0FD63}.Release|Any CPU.Build.0 = Release|Any CPU
	EndGlobalSection
	GlobalSection(SolutionProperties) = preSolution
		HideSolutionNode = FALSE
	EndGlobalSection
	GlobalSection(ExtensibilityGlobals) = postSolution
		SolutionGuid = {B23E96E3-7425-48B1-9996-35320A4997FB}
	EndGlobalSection
EndGlobal
